
Microsoft Visual Studio Solution File, Format Version 12.00
# Visual Studio Version 16
VisualStudioVersion = 16.0.30225.117
MinimumVisualStudioVersion = 10.0.40219.1
Project("{888888A0-9F3D-457C-B088-3A5042F75D52}") = "Python_game", "Python_game\Python_game.pyproj", "{62BAA81F-47C3-4666-8DB8-6BE606920B9C}"
EndProject
Global
	GlobalSection(SolutionConfigurationPlatforms) = preSolution
		Debug|Any CPU = Debug|Any CPU
		Release|Any CPU = Release|Any CPU
	EndGlobalSection
	GlobalSection(ProjectConfigurationPlatforms) = postSolution
		{62BAA81F-47C3-4666-8DB8-6BE606920B9C}.Debug|Any CPU.ActiveCfg = Debug|Any CPU
		{62BAA81F-47C3-4666-8DB8-6BE606920B9C}.Release|Any CPU.ActiveCfg = Release|Any CPU
	EndGlobalSection
	GlobalSection(SolutionProperties) = preSolution
		HideSolutionNode = FALSE
	EndGlobalSection
	GlobalSection(ExtensibilityGlobals) = postSolution
		SolutionGuid = {690812B5-1BC4-42DE-9060-96D7EB8F52C4}
	EndGlobalSection
EndGlobal
