
Microsoft Visual Studio Solution File, Format Version 12.00
# Visual Studio Version 16
VisualStudioVersion = 16.0.30225.117
MinimumVisualStudioVersion = 10.0.40219.1
Project("{888888A0-9F3D-457C-B088-3A5042F75D52}") = "Python_GUI", "Python_GUI\Python_GUI.pyproj", "{AA896C25-6B94-4720-A4FD-BCC73DE691AA}"
EndProject
Global
	GlobalSection(SolutionConfigurationPlatforms) = preSolution
		Debug|Any CPU = Debug|Any CPU
		Release|Any CPU = Release|Any CPU
	EndGlobalSection
	GlobalSection(ProjectConfigurationPlatforms) = postSolution
		{AA896C25-6B94-4720-A4FD-BCC73DE691AA}.Debug|Any CPU.ActiveCfg = Debug|Any CPU
		{AA896C25-6B94-4720-A4FD-BCC73DE691AA}.Release|Any CPU.ActiveCfg = Release|Any CPU
	EndGlobalSection
	GlobalSection(SolutionProperties) = preSolution
		HideSolutionNode = FALSE
	EndGlobalSection
	GlobalSection(ExtensibilityGlobals) = postSolution
		SolutionGuid = {2F48112F-D3A5-4B85-B415-898CC1160FDB}
	EndGlobalSection
EndGlobal
